
Microsoft Visual Studio Solution File, Format Version 12.00
# Visual Studio Version 16
VisualStudioVersion = 16.0.36422.26
MinimumVisualStudioVersion = 10.0.40219.1
Project("{FAE04EC0-301F-11D3-BF4B-00C04F79EFBC}") = "WebApplication1", "WebApplication1.csproj", "{93F37412-3382-4B49-9BDF-421D9A5C9AD7}"
EndProject
Global
	GlobalSection(SolutionConfigurationPlatforms) = preSolution
		Debug|Any CPU = Debug|Any CPU
		Release|Any CPU = Release|Any CPU
	EndGlobalSection
	GlobalSection(ProjectConfigurationPlatforms) = postSolution
		{93F37412-3382-4B49-9BDF-421D9A5C9AD7}.Debug|Any CPU.ActiveCfg = Debug|Any CPU
		{93F37412-3382-4B49-9BDF-421D9A5C9AD7}.Debug|Any CPU.Build.0 = Debug|Any CPU
		{93F37412-3382-4B49-9BDF-421D9A5C9AD7}.Release|Any CPU.ActiveCfg = Release|Any CPU
		{93F37412-3382-4B49-9BDF-421D9A5C9AD7}.Release|Any CPU.Build.0 = Release|Any CPU
	EndGlobalSection
	GlobalSection(SolutionProperties) = preSolution
		HideSolutionNode = FALSE
	EndGlobalSection
	GlobalSection(ExtensibilityGlobals) = postSolution
		SolutionGuid = {79FCCE35-3818-4DAD-94AB-0D0C7E5BC2D2}
	EndGlobalSection
EndGlobal
